
Microsoft Visual Studio Solution File, Format Version 12.00
# Visual Studio 15
VisualStudioVersion = 15.0.27130.2020
MinimumVisualStudioVersion = 10.0.40219.1
Project("{FAE04EC0-301F-11D3-BF4B-00C04F79EFBC}") = "CircleRectangle", "CircleRectangle\CircleRectangle.csproj", "{D5F5D82C-36E1-44BC-8D3C-87EB3837D86D}"
EndProject
Global
	GlobalSection(SolutionConfigurationPlatforms) = preSolution
		Debug|Any CPU = Debug|Any CPU
		Release|Any CPU = Release|Any CPU
	EndGlobalSection
	GlobalSection(ProjectConfigurationPlatforms) = postSolution
		{D5F5D82C-36E1-44BC-8D3C-87EB3837D86D}.Debug|Any CPU.ActiveCfg = Debug|Any CPU
		{D5F5D82C-36E1-44BC-8D3C-87EB3837D86D}.Debug|Any CPU.Build.0 = Debug|Any CPU
		{D5F5D82C-36E1-44BC-8D3C-87EB3837D86D}.Release|Any CPU.ActiveCfg = Release|Any CPU
		{D5F5D82C-36E1-44BC-8D3C-87EB3837D86D}.Release|Any CPU.Build.0 = Release|Any CPU
	EndGlobalSection
	GlobalSection(SolutionProperties) = preSolution
		HideSolutionNode = FALSE
	EndGlobalSection
	GlobalSection(ExtensibilityGlobals) = postSolution
		SolutionGuid = {72CF9278-6083-43A9-893A-364C1AAD61C4}
	EndGlobalSection
EndGlobal
