
Microsoft Visual Studio Solution File, Format Version 12.00
# Visual Studio 15
VisualStudioVersion = 15.0.27428.2037
MinimumVisualStudioVersion = 10.0.40219.1
Project("{FAE04EC0-301F-11D3-BF4B-00C04F79EFBC}") = "Task2", "Task2\Task2.csproj", "{59F18A01-7CCA-43CE-9680-CF125290B2E7}"
EndProject
Global
	GlobalSection(SolutionConfigurationPlatforms) = preSolution
		Debug|Any CPU = Debug|Any CPU
		Release|Any CPU = Release|Any CPU
	EndGlobalSection
	GlobalSection(ProjectConfigurationPlatforms) = postSolution
		{59F18A01-7CCA-43CE-9680-CF125290B2E7}.Debug|Any CPU.ActiveCfg = Debug|Any CPU
		{59F18A01-7CCA-43CE-9680-CF125290B2E7}.Debug|Any CPU.Build.0 = Debug|Any CPU
		{59F18A01-7CCA-43CE-9680-CF125290B2E7}.Release|Any CPU.ActiveCfg = Release|Any CPU
		{59F18A01-7CCA-43CE-9680-CF125290B2E7}.Release|Any CPU.Build.0 = Release|Any CPU
	EndGlobalSection
	GlobalSection(SolutionProperties) = preSolution
		HideSolutionNode = FALSE
	EndGlobalSection
	GlobalSection(ExtensibilityGlobals) = postSolution
		SolutionGuid = {A7CA7209-6E43-48CB-BAA6-C99E74D53532}
	EndGlobalSection
EndGlobal
