
Microsoft Visual Studio Solution File, Format Version 12.00
# Visual Studio 15
VisualStudioVersion = 15.0.27428.2037
MinimumVisualStudioVersion = 10.0.40219.1
Project("{FAE04EC0-301F-11D3-BF4B-00C04F79EFBC}") = "Task33", "Task33\Task33.csproj", "{7251A4DA-B8B6-493A-9206-AA4F6117EE95}"
EndProject
Global
	GlobalSection(SolutionConfigurationPlatforms) = preSolution
		Debug|Any CPU = Debug|Any CPU
		Release|Any CPU = Release|Any CPU
	EndGlobalSection
	GlobalSection(ProjectConfigurationPlatforms) = postSolution
		{7251A4DA-B8B6-493A-9206-AA4F6117EE95}.Debug|Any CPU.ActiveCfg = Debug|Any CPU
		{7251A4DA-B8B6-493A-9206-AA4F6117EE95}.Debug|Any CPU.Build.0 = Debug|Any CPU
		{7251A4DA-B8B6-493A-9206-AA4F6117EE95}.Release|Any CPU.ActiveCfg = Release|Any CPU
		{7251A4DA-B8B6-493A-9206-AA4F6117EE95}.Release|Any CPU.Build.0 = Release|Any CPU
	EndGlobalSection
	GlobalSection(SolutionProperties) = preSolution
		HideSolutionNode = FALSE
	EndGlobalSection
	GlobalSection(ExtensibilityGlobals) = postSolution
		SolutionGuid = {3568D2EB-AF34-4D74-95CC-E6510A893E12}
	EndGlobalSection
EndGlobal
